
Microsoft Visual Studio Solution File, Format Version 12.00
# Visual Studio Version 17
VisualStudioVersion = 17.3.32901.215
MinimumVisualStudioVersion = 10.0.40219.1
Project("{FAE04EC0-301F-11D3-BF4B-00C04F79EFBC}") = "StatisticsLibrary", "StatisticsLibrary\StatisticsLibrary.csproj", "{32C78E20-D7D2-45DF-8AE0-1678E1DFCFDD}"
EndProject
Project("{FAE04EC0-301F-11D3-BF4B-00C04F79EFBC}") = "StatisticsLibraryTests", "StatisticsLibraryTests\StatisticsLibraryTests.csproj", "{54708BE2-E07E-4144-9A48-91FEDDF0CEEE}"
EndProject
Global
	GlobalSection(SolutionConfigurationPlatforms) = preSolution
		Debug|Any CPU = Debug|Any CPU
		Release|Any CPU = Release|Any CPU
	EndGlobalSection
	GlobalSection(ProjectConfigurationPlatforms) = postSolution
		{32C78E20-D7D2-45DF-8AE0-1678E1DFCFDD}.Debug|Any CPU.ActiveCfg = Debug|Any CPU
		{32C78E20-D7D2-45DF-8AE0-1678E1DFCFDD}.Debug|Any CPU.Build.0 = Debug|Any CPU
		{32C78E20-D7D2-45DF-8AE0-1678E1DFCFDD}.Release|Any CPU.ActiveCfg = Release|Any CPU
		{32C78E20-D7D2-45DF-8AE0-1678E1DFCFDD}.Release|Any CPU.Build.0 = Release|Any CPU
		{54708BE2-E07E-4144-9A48-91FEDDF0CEEE}.Debug|Any CPU.ActiveCfg = Debug|Any CPU
		{54708BE2-E07E-4144-9A48-91FEDDF0CEEE}.Debug|Any CPU.Build.0 = Debug|Any CPU
		{54708BE2-E07E-4144-9A48-91FEDDF0CEEE}.Release|Any CPU.ActiveCfg = Release|Any CPU
		{54708BE2-E07E-4144-9A48-91FEDDF0CEEE}.Release|Any CPU.Build.0 = Release|Any CPU
	EndGlobalSection
	GlobalSection(SolutionProperties) = preSolution
		HideSolutionNode = FALSE
	EndGlobalSection
	GlobalSection(ExtensibilityGlobals) = postSolution
		SolutionGuid = {F064B937-0F99-4341-86EF-B1635BCCAD12}
	EndGlobalSection
EndGlobal
